// !$*UTF8*$!
{
	archiveVersion = 1;
	classes = {
	};
	objectVersion = 77;
	objects = {

/* Begin PBXContainerItemProxy section */
		5AD9351F2ED0103700B63739 /* PBXContainerItemProxy */ = {
			isa = PBXContainerItemProxy;
			containerPortal = 5AD935092ED0103500B63739 /* Project object */;
			proxyType = 1;
			remoteGlobalIDString = 5AD935102ED0103500B63739;
			remoteInfo = animeapp;
		};
		5AD935292ED0103700B63739 /* PBXContainerItemProxy */ = {
			isa = PBXContainerItemProxy;
			containerPortal = 5AD935092ED0103500B63739 /* Project object */;
			proxyType = 1;
			remoteGlobalIDString = 5AD935102ED0103500B63739;
			remoteInfo = animeapp;
		};
/* End PBXContainerItemProxy section */

/* Begin PBXFileReference section */
		5AD935112ED0103500B63739 /* animeapp.app */ = {isa = PBXFileReference; explicitFileType = wrapper.application; includeInIndex = 0; path = animeapp.app; sourceTree = BUILT_PRODUCTS_DIR; };
		5AD9351E2ED0103700B63739 /* animeappTests.xctest */ = {isa = PBXFileReference; explicitFileType = wrapper.cfbundle; includeInIndex = 0; path = animeappTests.xctest; sourceTree = BUILT_PRODUCTS_DIR; };
		5AD935282ED0103700B63739 /* animeappUITests.xctest */ = {isa = PBXFileReference; explicitFileType = wrapper.cfbundle; includeInIndex = 0; path = animeappUITests.xctest; sourceTree = BUILT_PRODUCTS_DIR; };
		5AD9355C2ED0AA1B00B63739 /* README.md */ = {isa = PBXFileReference; lastKnownFileType = sourcecode.swift; path = README.md; sourceTree = "<group>"; };
		5AD935682ED2425C00B63739 /* Screenshot 2025-11-22 at 11.11.15 AM.png */ = {isa = PBXFileReference; lastKnownFileType = image.png; path = "Screenshot 2025-11-22 at 11.11.15 AM.png"; sourceTree = "<group>"; };
		5AD9356A2ED243FF00B63739 /* SwiftUI Architecture Blueprint.pdf */ = {isa = PBXFileReference; lastKnownFileType = image.pdf; path = "SwiftUI Architecture Blueprint.pdf"; sourceTree = "<group>"; };
/* End PBXFileReference section */

/* Begin PBXFileSystemSynchronizedRootGroup section */
		5AD935132ED0103500B63739 /* animeapp */ = {
			isa = PBXFileSystemSynchronizedRootGroup;
			path = animeapp;
			sourceTree = "<group>";
		};
		5AD935212ED0103700B63739 /* animeappTests */ = {
			isa = PBXFileSystemSynchronizedRootGroup;
			path = animeappTests;
			sourceTree = "<group>";
		};
		5AD9352B2ED0103700B63739 /* animeappUITests */ = {
			isa = PBXFileSystemSynchronizedRootGroup;
			path = animeappUITests;
			sourceTree = "<group>";
		};
/* End PBXFileSystemSynchronizedRootGroup section */

/* Begin PBXFrameworksBuildPhase section */
		5AD9350E2ED0103500B63739 /* Frameworks */ = {
			isa = PBXFrameworksBuildPhase;
			buildActionMask = 2147483647;
			files = (
			);
			runOnlyForDeploymentPostprocessing = 0;
		};
		5AD9351B2ED0103700B63739 /* Frameworks */ = {
			isa = PBXFrameworksBuildPhase;
			buildActionMask = 2147483647;
			files = (
			);
			runOnlyForDeploymentPostprocessing = 0;
		};
		5AD935252ED0103700B63739 /* Frameworks */ = {
			isa = PBXFrameworksBuildPhase;
			buildActionMask = 2147483647;
			files = (
			);
			runOnlyForDeploymentPostprocessing = 0;
		};
/* End PBXFrameworksBuildPhase section */

/* Begin PBXGroup section */
		5AD935082ED0103500B63739 = {
			isa = PBXGroup;
			children = (
				5AD935682ED2425C00B63739 /* Screenshot 2025-11-22 at 11.11.15 AM.png */,
				5AD9355C2ED0AA1B00B63739 /* README.md */,
				5AD935132ED0103500B63739 /* animeapp */,
				5AD935212ED0103700B63739 /* animeappTests */,
				5AD9352B2ED0103700B63739 /* animeappUITests */,
				5AD935122ED0103500B63739 /* Products */,
				5AD9356A2ED243FF00B63739 /* SwiftUI Architecture Blueprint.pdf */,
			);
			sourceTree = "<group>";
		};
		5AD935122ED0103500B63739 /* Products */ = {
			isa = PBXGroup;
			children = (
				5AD935112ED0103500B63739 /* animeapp.app */,
				5AD9351E2ED0103700B63739 /* animeappTests.xctest */,
				5AD935282ED0103700B63739 /* animeappUITests.xctest */,
			);
			name = Products;
			sourceTree = "<group>";
		};
/* End PBXGroup section */

/* Begin PBXNativeTarget section */
		5AD935102ED0103500B63739 /* animeapp */ = {
			isa = PBXNativeTarget;
			buildConfigurationList = 5AD935322ED0103700B63739 /* Build configuration list for PBXNativeTarget "animeapp" */;
			buildPhases = (
				5AD9350D2ED0103500B63739 /* Sources */,
				5AD9350E2ED0103500B63739 /* Frameworks */,
				5AD9350F2ED0103500B63739 /* Resources */,
			);
			buildRules = (
			);
			dependencies = (
			);
			fileSystemSynchronizedGroups = (
				5AD935132ED0103500B63739 /* animeapp */,
			);
			name = animeapp;
			packageProductDependencies = (
			);
			productName = animeapp;
			productReference = 5AD935112ED0103500B63739 /* animeapp.app */;
			productType = "com.apple.product-type.application";
		};
		5AD9351D2ED0103700B63739 /* animeappTests */ = {
			isa = PBXNativeTarget;
			buildConfigurationList = 5AD935352ED0103700B63739 /* Build configuration list for PBXNativeTarget "animeappTests" */;
			buildPhases = (
				5AD9351A2ED0103700B63739 /* Sources */,
				5AD9351B2ED0103700B63739 /* Frameworks */,
				5AD9351C2ED0103700B63739 /* Resources */,
			);
			buildRules = (
			);
			dependencies = (
				5AD935202ED0103700B63739 /* PBXTargetDependency */,
			);
			fileSystemSynchronizedGroups = (
				5AD935212ED0103700B63739 /* animeappTests */,
			);
			name = animeappTests;
			packageProductDependencies = (
			);
			productName = animeappTests;
			productReference = 5AD9351E2ED0103700B63739 /* animeappTests.xctest */;
			productType = "com.apple.product-type.bundle.unit-test";
		};
		5AD935272ED0103700B63739 /* animeappUITests */ = {
			isa = PBXNativeTarget;
			buildConfigurationList = 5AD935382ED0103700B63739 /* Build configuration list for PBXNativeTarget "animeappUITests" */;
			buildPhases = (
				5AD935242ED0103700B63739 /* Sources */,
				5AD935252ED0103700B63739 /* Frameworks */,
				5AD935262ED0103700B63739 /* Resources */,
			);
			buildRules = (
			);
			dependencies = (
				5AD9352A2ED0103700B63739 /* PBXTargetDependency */,
			);
			fileSystemSynchronizedGroups = (
				5AD9352B2ED0103700B63739 /* animeappUITests */,
			);
			name = animeappUITests;
			packageProductDependencies = (
			);
			productName = animeappUITests;
			productReference = 5AD935282ED0103700B63739 /* animeappUITests.xctest */;
			productType = "com.apple.product-type.bundle.ui-testing";
		};
/* End PBXNativeTarget section */

/* Begin PBXProject section */
		5AD935092ED0103500B63739 /* Project object */ = {
			isa = PBXProject;
			attributes = {
				BuildIndependentTargetsInParallel = 1;
				LastSwiftUpdateCheck = 2610;
				LastUpgradeCheck = 2610;
				TargetAttributes = {
					5AD935102ED0103500B63739 = {
						CreatedOnToolsVersion = 26.1;
					};
					5AD9351D2ED0103700B63739 = {
						CreatedOnToolsVersion = 26.1;
						TestTargetID = 5AD935102ED0103500B63739;
					};
					5AD935272ED0103700B63739 = {
						CreatedOnToolsVersion = 26.1;
						TestTargetID = 5AD935102ED0103500B63739;
					};
				};
			};
			buildConfigurationList = 5AD9350C2ED0103500B63739 /* Build configuration list for PBXProject "animeapp" */;
			developmentRegion = en;
			hasScannedForEncodings = 0;
			knownRegions = (
				en,
				Base,
			);
			mainGroup = 5AD935082ED0103500B63739;
			minimizedProjectReferenceProxies = 1;
			preferredProjectObjectVersion = 77;
			productRefGroup = 5AD935122ED0103500B63739 /* Products */;
			projectDirPath = "";
			projectRoot = "";
			targets = (
				5AD935102ED0103500B63739 /* animeapp */,
				5AD9351D2ED0103700B63739 /* animeappTests */,
				5AD935272ED0103700B63739 /* animeappUITests */,
			);
		};
/* End PBXProject section */

/* Begin PBXResourcesBuildPhase section */
		5AD9350F2ED0103500B63739 /* Resources */ = {
			isa = PBXResourcesBuildPhase;
			buildActionMask = 2147483647;
			files = (
			);
			runOnlyForDeploymentPostprocessing = 0;
		};
		5AD9351C2ED0103700B63739 /* Resources */ = {
			isa = PBXResourcesBuildPhase;
			buildActionMask = 2147483647;
			files = (
			);
			runOnlyForDeploymentPostprocessing = 0;
		};
		5AD935262ED0103700B63739 /* Resources */ = {
			isa = PBXResourcesBuildPhase;
			buildActionMask = 2147483647;
			files = (
			);
			runOnlyForDeploymentPostprocessing = 0;
		};
/* End PBXResourcesBuildPhase section */

/* Begin PBXSourcesBuildPhase section */
		5AD9350D2ED0103500B63739 /* Sources */ = {
			isa = PBXSourcesBuildPhase;
			buildActionMask = 2147483647;
			files = (
			);
			runOnlyForDeploymentPostprocessing = 0;
		};
		5AD9351A2ED0103700B63739 /* Sources */ = {
			isa = PBXSourcesBuildPhase;
			buildActionMask = 2147483647;
			files = (
			);
			runOnlyForDeploymentPostprocessing = 0;
		};
		5AD935242ED0103700B63739 /* Sources */ = {
			isa = PBXSourcesBuildPhase;
			buildActionMask = 2147483647;
			files = (
			);
			runOnlyForDeploymentPostprocessing = 0;
		};
/* End PBXSourcesBuildPhase section */

/* Begin PBXTargetDependency section */
		5AD935202ED0103700B63739 /* PBXTargetDependency */ = {
			isa = PBXTargetDependency;
			target = 5AD935102ED0103500B63739 /* animeapp */;
			targetProxy = 5AD9351F2ED0103700B63739 /* PBXContainerItemProxy */;
		};
		5AD9352A2ED0103700B63739 /* PBXTargetDependency */ = {
			isa = PBXTargetDependency;
			target = 5AD935102ED0103500B63739 /* animeapp */;
			targetProxy = 5AD935292ED0103700B63739 /* PBXContainerItemProxy */;
		};
/* End PBXTargetDependency section */

/* Begin XCBuildConfiguration section */
		5AD935302ED0103700B63739 /* Debug */ = {
			isa = XCBuildConfiguration;
			buildSettings = {
				ALWAYS_SEARCH_USER_PATHS = NO;
				ASSETCATALOG_COMPILER_GENERATE_SWIFT_ASSET_SYMBOL_EXTENSIONS = YES;
				CLANG_ANALYZER_NONNULL = YES;
				CLANG_ANALYZER_NUMBER_OBJECT_CONVERSION = YES_AGGRESSIVE;
				CLANG_CXX_LANGUAGE_STANDARD = "gnu++20";
				CLANG_ENABLE_MODULES = YES;
				CLANG_ENABLE_OBJC_ARC = YES;
				CLANG_ENABLE_OBJC_WEAK = YES;
				CLANG_WARN_BLOCK_CAPTURE_AUTORELEASING = YES;
				CLANG_WARN_BOOL_CONVERSION = YES;
				CLANG_WARN_COMMA = YES;
				CLANG_WARN_CONSTANT_CONVERSION = YES;
				CLANG_WARN_DEPRECATED_OBJC_IMPLEMENTATIONS = YES;
				CLANG_WARN_DIRECT_OBJC_ISA_USAGE = YES_ERROR;
				CLANG_WARN_DOCUMENTATION_COMMENTS = YES;
				CLANG_WARN_EMPTY_BODY = YES;
				CLANG_WARN_ENUM_CONVERSION = YES;
				CLANG_WARN_INFINITE_RECURSION = YES;
				CLANG_WARN_INT_CONVERSION = YES;
				CLANG_WARN_NON_LITERAL_NULL_CONVERSION = YES;
				CLANG_WARN_OBJC_IMPLICIT_RETAIN_SELF = YES;
				CLANG_WARN_OBJC_LITERAL_CONVERSION = YES;
				CLANG_WARN_OBJC_ROOT_CLASS = YES_ERROR;
				CLANG_WARN_QUOTED_INCLUDE_IN_FRAMEWORK_HEADER = YES;
				CLANG_WARN_RANGE_LOOP_ANALYSIS = YES;
				CLANG_WARN_STRICT_PROTOTYPES = YES;
				CLANG_WARN_SUSPICIOUS_MOVE = YES;
				CLANG_WARN_UNGUARDED_AVAILABILITY = YES_AGGRESSIVE;
				CLANG_WARN_UNREACHABLE_CODE = YES;
				CLANG_WARN__DUPLICATE_METHOD_MATCH = YES;
				COPY_PHASE_STRIP = NO;
				DEBUG_INFORMATION_FORMAT = dwarf;
				DEVELOPMENT_TEAM = 2BFGSW8AFN;
				ENABLE_STRICT_OBJC_MSGSEND = YES;
				ENABLE_TESTABILITY = YES;
				ENABLE_USER_SCRIPT_SANDBOXING = YES;
				GCC_C_LANGUAGE_STANDARD = gnu17;
				GCC_DYNAMIC_NO_PIC = NO;
				GCC_NO_COMMON_BLOCKS = YES;
				GCC_OPTIMIZATION_LEVEL = 0;
				GCC_PREPROCESSOR_DEFINITIONS = (
					"DEBUG=1",
					"$(inherited)",
				);
				GCC_WARN_64_TO_32_BIT_CONVERSION = YES;
				GCC_WARN_ABOUT_RETURN_TYPE = YES_ERROR;
				GCC_WARN_UNDECLARED_SELECTOR = YES;
				GCC_WARN_UNINITIALIZED_AUTOS = YES_AGGRESSIVE;
				GCC_WARN_UNUSED_FUNCTION = YES;
				GCC_WARN_UNUSED_VARIABLE = YES;
				IPHONEOS_DEPLOYMENT_TARGET = 26.1;
				LOCALIZATION_PREFERS_STRING_CATALOGS = YES;
				MTL_ENABLE_DEBUG_INFO = INCLUDE_SOURCE;
				MTL_FAST_MATH = YES;
				ONLY_ACTIVE_ARCH = YES;
				SDKROOT = iphoneos;
				SWIFT_ACTIVE_COMPILATION_CONDITIONS = "DEBUG $(inherited)";
				SWIFT_OPTIMIZATION_LEVEL = "-Onone";
			};
			name = Debug;
		};
		5AD935312ED0103700B63739 /* Release */ = {
			isa = XCBuildConfiguration;
			buildSettings = {
				ALWAYS_SEARCH_USER_PATHS = NO;
				ASSETCATALOG_COMPILER_GENERATE_SWIFT_ASSET_SYMBOL_EXTENSIONS = YES;
				CLANG_ANALYZER_NONNULL = YES;
				CLANG_ANALYZER_NUMBER_OBJECT_CONVERSION = YES_AGGRESSIVE;
				CLANG_CXX_LANGUAGE_STANDARD = "gnu++20";
				CLANG_ENABLE_MODULES = YES;
				CLANG_ENABLE_OBJC_ARC = YES;
				CLANG_ENABLE_OBJC_WEAK = YES;
				CLANG_WARN_BLOCK_CAPTURE_AUTORELEASING = YES;
				CLANG_WARN_BOOL_CONVERSION = YES;
				CLANG_WARN_COMMA = YES;
				CLANG_WARN_CONSTANT_CONVERSION = YES;
				CLANG_WARN_DEPRECATED_OBJC_IMPLEMENTATIONS = YES;
				CLANG_WARN_DIRECT_OBJC_ISA_USAGE = YES_ERROR;
				CLANG_WARN_DOCUMENTATION_COMMENTS = YES;
				CLANG_WARN_EMPTY_BODY = YES;
				CLANG_WARN_ENUM_CONVERSION = YES;
				CLANG_WARN_INFINITE_RECURSION = YES;
				CLANG_WARN_INT_CONVERSION = YES;
				CLANG_WARN_NON_LITERAL_NULL_CONVERSION = YES;
				CLANG_WARN_OBJC_IMPLICIT_RETAIN_SELF = YES;
				CLANG_WARN_OBJC_LITERAL_CONVERSION = YES;
				CLANG_WARN_OBJC_ROOT_CLASS = YES_ERROR;
				CLANG_WARN_QUOTED_INCLUDE_IN_FRAMEWORK_HEADER = YES;
				CLANG_WARN_RANGE_LOOP_ANALYSIS = YES;
				CLANG_WARN_STRICT_PROTOTYPES = YES;
				CLANG_WARN_SUSPICIOUS_MOVE = YES;
				CLANG_WARN_UNGUARDED_AVAILABILITY = YES_AGGRESSIVE;
				CLANG_WARN_UNREACHABLE_CODE = YES;
				CLANG_WARN__DUPLICATE_METHOD_MATCH = YES;
				COPY_PHASE_STRIP = NO;
				DEBUG_INFORMATION_FORMAT = "dwarf-with-dsym";
				DEVELOPMENT_TEAM = 2BFGSW8AFN;
				ENABLE_NS_ASSERTIONS = NO;
				ENABLE_STRICT_OBJC_MSGSEND = YES;
				ENABLE_USER_SCRIPT_SANDBOXING = YES;
				GCC_C_LANGUAGE_STANDARD = gnu17;
				GCC_NO_COMMON_BLOCKS = YES;
				GCC_WARN_64_TO_32_BIT_CONVERSION = YES;
				GCC_WARN_ABOUT_RETURN_TYPE = YES_ERROR;
				GCC_WARN_UNDECLARED_SELECTOR = YES;
				GCC_WARN_UNINITIALIZED_AUTOS = YES_AGGRESSIVE;
				GCC_WARN_UNUSED_FUNCTION = YES;
				GCC_WARN_UNUSED_VARIABLE = YES;
				IPHONEOS_DEPLOYMENT_TARGET = 26.1;
				LOCALIZATION_PREFERS_STRING_CATALOGS = YES;
				MTL_ENABLE_DEBUG_INFO = NO;
				MTL_FAST_MATH = YES;
				SDKROOT = iphoneos;
				SWIFT_COMPILATION_MODE = wholemodule;
				VALIDATE_PRODUCT = YES;
			};
			name = Release;
		};
		5AD935332ED0103700B63739 /* Debug */ = {
			isa = XCBuildConfiguration;
			buildSettings = {
				ASSETCATALOG_COMPILER_APPICON_NAME = AppIcon;
				ASSETCATALOG_COMPILER_GLOBAL_ACCENT_COLOR_NAME = AccentColor;
				CODE_SIGN_STYLE = Automatic;
				CURRENT_PROJECT_VERSION = 1;
				DEVELOPMENT_ASSET_PATHS = "animeapp/Preview\\ Assets animeapp/Preview\\ Assets/SampleData.json";
				DEVELOPMENT_TEAM = 2BFGSW8AFN;
				ENABLE_PREVIEWS = YES;
				GENERATE_INFOPLIST_FILE = YES;
				INFOPLIST_KEY_UIApplicationSceneManifest_Generation = YES;
				INFOPLIST_KEY_UIApplicationSupportsIndirectInputEvents = YES;
				INFOPLIST_KEY_UILaunchScreen_Generation = YES;
				INFOPLIST_KEY_UISupportedInterfaceOrientations_iPad = "UIInterfaceOrientationPortrait UIInterfaceOrientationPortraitUpsideDown UIInterfaceOrientationLandscapeLeft UIInterfaceOrientationLandscapeRight";
				INFOPLIST_KEY_UISupportedInterfaceOrientations_iPhone = "UIInterfaceOrientationPortrait UIInterfaceOrientationLandscapeLeft UIInterfaceOrientationLandscapeRight";
				LD_RUNPATH_SEARCH_PATHS = (
					"$(inherited)",
					"@executable_path/Frameworks",
				);
				MARKETING_VERSION = 1.0;
				PRODUCT_BUNDLE_IDENTIFIER = com.vgnshiyer.animeapp;
				PRODUCT_NAME = "$(TARGET_NAME)";
				STRING_CATALOG_GENERATE_SYMBOLS = YES;
				SWIFT_APPROACHABLE_CONCURRENCY = YES;
				SWIFT_DEFAULT_ACTOR_ISOLATION = MainActor;
				SWIFT_EMIT_LOC_STRINGS = YES;
				SWIFT_UPCOMING_FEATURE_MEMBER_IMPORT_VISIBILITY = YES;
				SWIFT_VERSION = 6.0;
				TARGETED_DEVICE_FAMILY = "1,2";
			};
			name = Debug;
		};
		5AD935342ED0103700B63739 /* Release */ = {
			isa = XCBuildConfiguration;
			buildSettings = {
				ASSETCATALOG_COMPILER_APPICON_NAME = AppIcon;
				ASSETCATALOG_COMPILER_GLOBAL_ACCENT_COLOR_NAME = AccentColor;
				CODE_SIGN_STYLE = Automatic;
				CURRENT_PROJECT_VERSION = 1;
				DEVELOPMENT_ASSET_PATHS = "animeapp/Preview\\ Assets animeapp/Preview\\ Assets/SampleData.json";
				DEVELOPMENT_TEAM = 2BFGSW8AFN;
				ENABLE_PREVIEWS = YES;
				GENERATE_INFOPLIST_FILE = YES;
				INFOPLIST_KEY_UIApplicationSceneManifest_Generation = YES;
				INFOPLIST_KEY_UIApplicationSupportsIndirectInputEvents = YES;
				INFOPLIST_KEY_UILaunchScreen_Generation = YES;
				INFOPLIST_KEY_UISupportedInterfaceOrientations_iPad = "UIInterfaceOrientationPortrait UIInterfaceOrientationPortraitUpsideDown UIInterfaceOrientationLandscapeLeft UIInterfaceOrientationLandscapeRight";
				INFOPLIST_KEY_UISupportedInterfaceOrientations_iPhone = "UIInterfaceOrientationPortrait UIInterfaceOrientationLandscapeLeft UIInterfaceOrientationLandscapeRight";
				LD_RUNPATH_SEARCH_PATHS = (
					"$(inherited)",
					"@executable_path/Frameworks",
				);
				MARKETING_VERSION = 1.0;
				PRODUCT_BUNDLE_IDENTIFIER = com.vgnshiyer.animeapp;
				PRODUCT_NAME = "$(TARGET_NAME)";
				STRING_CATALOG_GENERATE_SYMBOLS = YES;
				SWIFT_APPROACHABLE_CONCURRENCY = YES;
				SWIFT_DEFAULT_ACTOR_ISOLATION = MainActor;
				SWIFT_EMIT_LOC_STRINGS = YES;
				SWIFT_UPCOMING_FEATURE_MEMBER_IMPORT_VISIBILITY = YES;
				SWIFT_VERSION = 6.0;
				TARGETED_DEVICE_FAMILY = "1,2";
			};
			name = Release;
		};
		5AD935362ED0103700B63739 /* Debug */ = {
			isa = XCBuildConfiguration;
			buildSettings = {
				BUNDLE_LOADER = "$(TEST_HOST)";
				CODE_SIGN_STYLE = Automatic;
				CURRENT_PROJECT_VERSION = 1;
				DEVELOPMENT_TEAM = 2BFGSW8AFN;
				GENERATE_INFOPLIST_FILE = YES;
				IPHONEOS_DEPLOYMENT_TARGET = 26.1;
				MARKETING_VERSION = 1.0;
				PRODUCT_BUNDLE_IDENTIFIER = com.vgnshiyer.animeappTests;
				PRODUCT_NAME = "$(TARGET_NAME)";
				STRING_CATALOG_GENERATE_SYMBOLS = NO;
				SWIFT_APPROACHABLE_CONCURRENCY = YES;
				SWIFT_EMIT_LOC_STRINGS = NO;
				SWIFT_UPCOMING_FEATURE_MEMBER_IMPORT_VISIBILITY = YES;
				SWIFT_VERSION = 5.0;
				TARGETED_DEVICE_FAMILY = "1,2";
				TEST_HOST = "$(BUILT_PRODUCTS_DIR)/animeapp.app/$(BUNDLE_EXECUTABLE_FOLDER_PATH)/animeapp";
			};
			name = Debug;
		};
		5AD935372ED0103700B63739 /* Release */ = {
			isa = XCBuildConfiguration;
			buildSettings = {
				BUNDLE_LOADER = "$(TEST_HOST)";
				CODE_SIGN_STYLE = Automatic;
				CURRENT_PROJECT_VERSION = 1;
				DEVELOPMENT_TEAM = 2BFGSW8AFN;
				GENERATE_INFOPLIST_FILE = YES;
				IPHONEOS_DEPLOYMENT_TARGET = 26.1;
				MARKETING_VERSION = 1.0;
				PRODUCT_BUNDLE_IDENTIFIER = com.vgnshiyer.animeappTests;
				PRODUCT_NAME = "$(TARGET_NAME)";
				STRING_CATALOG_GENERATE_SYMBOLS = NO;
				SWIFT_APPROACHABLE_CONCURRENCY = YES;
				SWIFT_EMIT_LOC_STRINGS = NO;
				SWIFT_UPCOMING_FEATURE_MEMBER_IMPORT_VISIBILITY = YES;
				SWIFT_VERSION = 5.0;
				TARGETED_DEVICE_FAMILY = "1,2";
				TEST_HOST = "$(BUILT_PRODUCTS_DIR)/animeapp.app/$(BUNDLE_EXECUTABLE_FOLDER_PATH)/animeapp";
			};
			name = Release;
		};
		5AD935392ED0103700B63739 /* Debug */ = {
			isa = XCBuildConfiguration;
			buildSettings = {
				CODE_SIGN_STYLE = Automatic;
				CURRENT_PROJECT_VERSION = 1;
				DEVELOPMENT_TEAM = 2BFGSW8AFN;
				GENERATE_INFOPLIST_FILE = YES;
				MARKETING_VERSION = 1.0;
				PRODUCT_BUNDLE_IDENTIFIER = com.vgnshiyer.animeappUITests;
				PRODUCT_NAME = "$(TARGET_NAME)";
				STRING_CATALOG_GENERATE_SYMBOLS = NO;
				SWIFT_APPROACHABLE_CONCURRENCY = YES;
				SWIFT_EMIT_LOC_STRINGS = NO;
				SWIFT_UPCOMING_FEATURE_MEMBER_IMPORT_VISIBILITY = YES;
				SWIFT_VERSION = 5.0;
				TARGETED_DEVICE_FAMILY = "1,2";
				TEST_TARGET_NAME = animeapp;
			};
			name = Debug;
		};
		5AD9353A2ED0103700B63739 /* Release */ = {
			isa = XCBuildConfiguration;
			buildSettings = {
				CODE_SIGN_STYLE = Automatic;
				CURRENT_PROJECT_VERSION = 1;
				DEVELOPMENT_TEAM = 2BFGSW8AFN;
				GENERATE_INFOPLIST_FILE = YES;
				MARKETING_VERSION = 1.0;
				PRODUCT_BUNDLE_IDENTIFIER = com.vgnshiyer.animeappUITests;
				PRODUCT_NAME = "$(TARGET_NAME)";
				STRING_CATALOG_GENERATE_SYMBOLS = NO;
				SWIFT_APPROACHABLE_CONCURRENCY = YES;
				SWIFT_EMIT_LOC_STRINGS = NO;
				SWIFT_UPCOMING_FEATURE_MEMBER_IMPORT_VISIBILITY = YES;
				SWIFT_VERSION = 5.0;
				TARGETED_DEVICE_FAMILY = "1,2";
				TEST_TARGET_NAME = animeapp;
			};
			name = Release;
		};
/* End XCBuildConfiguration section */

/* Begin XCConfigurationList section */
		5AD9350C2ED0103500B63739 /* Build configuration list for PBXProject "animeapp" */ = {
			isa = XCConfigurationList;
			buildConfigurations = (
				5AD935302ED0103700B63739 /* Debug */,
				5AD935312ED0103700B63739 /* Release */,
			);
			defaultConfigurationIsVisible = 0;
			defaultConfigurationName = Release;
		};
		5AD935322ED0103700B63739 /* Build configuration list for PBXNativeTarget "animeapp" */ = {
			isa = XCConfigurationList;
			buildConfigurations = (
				5AD935332ED0103700B63739 /* Debug */,
				5AD935342ED0103700B63739 /* Release */,
			);
			defaultConfigurationIsVisible = 0;
			defaultConfigurationName = Release;
		};
		5AD935352ED0103700B63739 /* Build configuration list for PBXNativeTarget "animeappTests" */ = {
			isa = XCConfigurationList;
			buildConfigurations = (
				5AD935362ED0103700B63739 /* Debug */,
				5AD935372ED0103700B63739 /* Release */,
			);
			defaultConfigurationIsVisible = 0;
			defaultConfigurationName = Release;
		};
		5AD935382ED0103700B63739 /* Build configuration list for PBXNativeTarget "animeappUITests" */ = {
			isa = XCConfigurationList;
			buildConfigurations = (
				5AD935392ED0103700B63739 /* Debug */,
				5AD9353A2ED0103700B63739 /* Release */,
			);
			defaultConfigurationIsVisible = 0;
			defaultConfigurationName = Release;
		};
/* End XCConfigurationList section */
	};
	rootObject = 5AD935092ED0103500B63739 /* Project object */;
}
